
Microsoft Visual Studio Solution File, Format Version 12.00
# Visual Studio Version 17
VisualStudioVersion = 17.11.34909.67
MinimumVisualStudioVersion = 10.0.40219.1
Project("{FAE04EC0-301F-11D3-BF4B-00C04F79EFBC}") = "lastTest", "lastTest\lastTest.csproj", "{49F25161-47A6-4B32-A8E9-88046DDFF8F7}"
EndProject
Global
	GlobalSection(SolutionConfigurationPlatforms) = preSolution
		Debug|Any CPU = Debug|Any CPU
		Release|Any CPU = Release|Any CPU
	EndGlobalSection
	GlobalSection(ProjectConfigurationPlatforms) = postSolution
		{49F25161-47A6-4B32-A8E9-88046DDFF8F7}.Debug|Any CPU.ActiveCfg = Debug|Any CPU
		{49F25161-47A6-4B32-A8E9-88046DDFF8F7}.Debug|Any CPU.Build.0 = Debug|Any CPU
		{49F25161-47A6-4B32-A8E9-88046DDFF8F7}.Release|Any CPU.ActiveCfg = Release|Any CPU
		{49F25161-47A6-4B32-A8E9-88046DDFF8F7}.Release|Any CPU.Build.0 = Release|Any CPU
	EndGlobalSection
	GlobalSection(SolutionProperties) = preSolution
		HideSolutionNode = FALSE
	EndGlobalSection
	GlobalSection(ExtensibilityGlobals) = postSolution
		SolutionGuid = {1F9B3CBB-69A5-4E0C-86D6-ABEC2F8FEEEA}
	EndGlobalSection
EndGlobal
